
Microsoft Visual Studio Solution File, Format Version 12.00
# Visual Studio Version 17
VisualStudioVersion = 17.7.34009.444
MinimumVisualStudioVersion = 10.0.40219.1
Project("{FAE04EC0-301F-11D3-BF4B-00C04F79EFBC}") = "cak", "cak\cak.csproj", "{A0624A6F-96CF-4541-BC08-A5895F587DDD}"
EndProject
Global
	GlobalSection(SolutionConfigurationPlatforms) = preSolution
		Debug|Any CPU = Debug|Any CPU
		Release|Any CPU = Release|Any CPU
	EndGlobalSection
	GlobalSection(ProjectConfigurationPlatforms) = postSolution
		{A0624A6F-96CF-4541-BC08-A5895F587DDD}.Debug|Any CPU.ActiveCfg = Debug|Any CPU
		{A0624A6F-96CF-4541-BC08-A5895F587DDD}.Debug|Any CPU.Build.0 = Debug|Any CPU
		{A0624A6F-96CF-4541-BC08-A5895F587DDD}.Release|Any CPU.ActiveCfg = Release|Any CPU
		{A0624A6F-96CF-4541-BC08-A5895F587DDD}.Release|Any CPU.Build.0 = Release|Any CPU
	EndGlobalSection
	GlobalSection(SolutionProperties) = preSolution
		HideSolutionNode = FALSE
	EndGlobalSection
	GlobalSection(ExtensibilityGlobals) = postSolution
		SolutionGuid = {643F27CC-B7C8-45C8-94C5-8607DA0AE54B}
	EndGlobalSection
EndGlobal
